
Microsoft Visual Studio Solution File, Format Version 12.00
# Visual Studio Version 17
VisualStudioVersion = 17.4.33403.182
MinimumVisualStudioVersion = 10.0.40219.1
Project("{FAE04EC0-301F-11D3-BF4B-00C04F79EFBC}") = "Highcon", "Highcon\Highcon.csproj", "{28E2B78A-7EB4-45AB-8DEA-5A6B282662FC}"
EndProject
Global
	GlobalSection(SolutionConfigurationPlatforms) = preSolution
		Debug|Any CPU = Debug|Any CPU
		Release|Any CPU = Release|Any CPU
	EndGlobalSection
	GlobalSection(ProjectConfigurationPlatforms) = postSolution
		{28E2B78A-7EB4-45AB-8DEA-5A6B282662FC}.Debug|Any CPU.ActiveCfg = Debug|Any CPU
		{28E2B78A-7EB4-45AB-8DEA-5A6B282662FC}.Debug|Any CPU.Build.0 = Debug|Any CPU
		{28E2B78A-7EB4-45AB-8DEA-5A6B282662FC}.Release|Any CPU.ActiveCfg = Release|Any CPU
		{28E2B78A-7EB4-45AB-8DEA-5A6B282662FC}.Release|Any CPU.Build.0 = Release|Any CPU
	EndGlobalSection
	GlobalSection(SolutionProperties) = preSolution
		HideSolutionNode = FALSE
	EndGlobalSection
	GlobalSection(ExtensibilityGlobals) = postSolution
		SolutionGuid = {E5E95A6E-C456-4485-B56F-B1915F7191E3}
	EndGlobalSection
EndGlobal
